
Microsoft Visual Studio Solution File, Format Version 12.00
# Visual Studio Version 16
VisualStudioVersion = 16.0.30717.126
MinimumVisualStudioVersion = 10.0.40219.1
Project("{9A19103F-16F7-4668-BE54-9A1E7A4F7556}") = "GrpcServiceExample", "GrpcServiceExample\GrpcServiceExample.csproj", "{88B443F6-A249-4416-B2E0-919C5D85786C}"
EndProject
Project("{9A19103F-16F7-4668-BE54-9A1E7A4F7556}") = "ControllersExample", "ControllersExample\ControllersExample.csproj", "{9EA9377F-4D9C-4C63-A1E7-4EC8862D1AAD}"
EndProject
Project("{9A19103F-16F7-4668-BE54-9A1E7A4F7556}") = "DaprSecretStoreExample", "DaprSecretStoreExample\DaprSecretStoreExample.csproj", "{BCB95BF2-1557-49FC-95BC-B32BBFCE8523}"
EndProject
Project("{9A19103F-16F7-4668-BE54-9A1E7A4F7556}") = "EndpointsExample", "EndpointsExample\EndpointsExample.csproj", "{BDE0300E-417E-4926-9B46-C7250A52FE70}"
EndProject
Project("{FAE04EC0-301F-11D3-BF4B-00C04F79EFBC}") = "Common", "Common\Common.csproj", "{6679A089-30C4-4BA8-8E61-71DB84897E8D}"
EndProject
Global
	GlobalSection(SolutionConfigurationPlatforms) = preSolution
		Debug|Any CPU = Debug|Any CPU
		Release|Any CPU = Release|Any CPU
	EndGlobalSection
	GlobalSection(ProjectConfigurationPlatforms) = postSolution
		{88B443F6-A249-4416-B2E0-919C5D85786C}.Debug|Any CPU.ActiveCfg = Debug|Any CPU
		{88B443F6-A249-4416-B2E0-919C5D85786C}.Debug|Any CPU.Build.0 = Debug|Any CPU
		{88B443F6-A249-4416-B2E0-919C5D85786C}.Release|Any CPU.ActiveCfg = Release|Any CPU
		{88B443F6-A249-4416-B2E0-919C5D85786C}.Release|Any CPU.Build.0 = Release|Any CPU
		{9EA9377F-4D9C-4C63-A1E7-4EC8862D1AAD}.Debug|Any CPU.ActiveCfg = Debug|Any CPU
		{9EA9377F-4D9C-4C63-A1E7-4EC8862D1AAD}.Debug|Any CPU.Build.0 = Debug|Any CPU
		{9EA9377F-4D9C-4C63-A1E7-4EC8862D1AAD}.Release|Any CPU.ActiveCfg = Release|Any CPU
		{9EA9377F-4D9C-4C63-A1E7-4EC8862D1AAD}.Release|Any CPU.Build.0 = Release|Any CPU
		{BCB95BF2-1557-49FC-95BC-B32BBFCE8523}.Debug|Any CPU.ActiveCfg = Debug|Any CPU
		{BCB95BF2-1557-49FC-95BC-B32BBFCE8523}.Debug|Any CPU.Build.0 = Debug|Any CPU
		{BCB95BF2-1557-49FC-95BC-B32BBFCE8523}.Release|Any CPU.ActiveCfg = Release|Any CPU
		{BCB95BF2-1557-49FC-95BC-B32BBFCE8523}.Release|Any CPU.Build.0 = Release|Any CPU
		{BDE0300E-417E-4926-9B46-C7250A52FE70}.Debug|Any CPU.ActiveCfg = Debug|Any CPU
		{BDE0300E-417E-4926-9B46-C7250A52FE70}.Debug|Any CPU.Build.0 = Debug|Any CPU
		{BDE0300E-417E-4926-9B46-C7250A52FE70}.Release|Any CPU.ActiveCfg = Release|Any CPU
		{BDE0300E-417E-4926-9B46-C7250A52FE70}.Release|Any CPU.Build.0 = Release|Any CPU
		{6679A089-30C4-4BA8-8E61-71DB84897E8D}.Debug|Any CPU.ActiveCfg = Debug|Any CPU
		{6679A089-30C4-4BA8-8E61-71DB84897E8D}.Debug|Any CPU.Build.0 = Debug|Any CPU
		{6679A089-30C4-4BA8-8E61-71DB84897E8D}.Release|Any CPU.ActiveCfg = Release|Any CPU
		{6679A089-30C4-4BA8-8E61-71DB84897E8D}.Release|Any CPU.Build.0 = Release|Any CPU
	EndGlobalSection
	GlobalSection(SolutionProperties) = preSolution
		HideSolutionNode = FALSE
	EndGlobalSection
	GlobalSection(ExtensibilityGlobals) = postSolution
		SolutionGuid = {05AABDD5-5EC4-42C5-AE42-76A6536782FA}
	EndGlobalSection
EndGlobal
