
Microsoft Visual Studio Solution File, Format Version 12.00
# Visual Studio Version 16
VisualStudioVersion = 16.0.30717.126
MinimumVisualStudioVersion = 10.0.40219.1
Project("{9A19103F-16F7-4668-BE54-9A1E7A4F7556}") = "FunctionAppWithDapr", "FunctionAppWithDapr.csproj", "{56C2851D-1DB8-49B9-87D3-9708FD35DA71}"
EndProject
Global
	GlobalSection(SolutionConfigurationPlatforms) = preSolution
		Debug|Any CPU = Debug|Any CPU
		Release|Any CPU = Release|Any CPU
	EndGlobalSection
	GlobalSection(ProjectConfigurationPlatforms) = postSolution
		{56C2851D-1DB8-49B9-87D3-9708FD35DA71}.Debug|Any CPU.ActiveCfg = Debug|Any CPU
		{56C2851D-1DB8-49B9-87D3-9708FD35DA71}.Debug|Any CPU.Build.0 = Debug|Any CPU
		{56C2851D-1DB8-49B9-87D3-9708FD35DA71}.Release|Any CPU.ActiveCfg = Release|Any CPU
		{56C2851D-1DB8-49B9-87D3-9708FD35DA71}.Release|Any CPU.Build.0 = Release|Any CPU
	EndGlobalSection
	GlobalSection(SolutionProperties) = preSolution
		HideSolutionNode = FALSE
	EndGlobalSection
	GlobalSection(ExtensibilityGlobals) = postSolution
		SolutionGuid = {FA61D413-7C0B-4585-B585-1616DDFE1B87}
	EndGlobalSection
EndGlobal
